
Microsoft Visual Studio Solution File, Format Version 12.00
# Visual Studio 15
VisualStudioVersion = 15.0.28307.757
MinimumVisualStudioVersion = 10.0.40219.1
Project("{FAE04EC0-301F-11D3-BF4B-00C04F79EFBC}") = "ConsoleJenkins", "ConsoleJenkins\ConsoleJenkins.csproj", "{45355AFA-9111-4C8D-A5B0-53DB5E85CD78}"
EndProject
Project("{FAE04EC0-301F-11D3-BF4B-00C04F79EFBC}") = "ConsoleJenkinsTest", "ConsoleJenkinsTest\ConsoleJenkinsTest.csproj", "{5F42AF91-9A6C-48FC-AA6D-5B532BFD0EF2}"
EndProject
Global
	GlobalSection(SolutionConfigurationPlatforms) = preSolution
		Debug|Any CPU = Debug|Any CPU
		Release|Any CPU = Release|Any CPU
	EndGlobalSection
	GlobalSection(ProjectConfigurationPlatforms) = postSolution
		{45355AFA-9111-4C8D-A5B0-53DB5E85CD78}.Debug|Any CPU.ActiveCfg = Debug|Any CPU
		{45355AFA-9111-4C8D-A5B0-53DB5E85CD78}.Debug|Any CPU.Build.0 = Debug|Any CPU
		{45355AFA-9111-4C8D-A5B0-53DB5E85CD78}.Release|Any CPU.ActiveCfg = Release|Any CPU
		{45355AFA-9111-4C8D-A5B0-53DB5E85CD78}.Release|Any CPU.Build.0 = Release|Any CPU
		{5F42AF91-9A6C-48FC-AA6D-5B532BFD0EF2}.Debug|Any CPU.ActiveCfg = Debug|Any CPU
		{5F42AF91-9A6C-48FC-AA6D-5B532BFD0EF2}.Debug|Any CPU.Build.0 = Debug|Any CPU
		{5F42AF91-9A6C-48FC-AA6D-5B532BFD0EF2}.Release|Any CPU.ActiveCfg = Release|Any CPU
		{5F42AF91-9A6C-48FC-AA6D-5B532BFD0EF2}.Release|Any CPU.Build.0 = Release|Any CPU
	EndGlobalSection
	GlobalSection(SolutionProperties) = preSolution
		HideSolutionNode = FALSE
	EndGlobalSection
	GlobalSection(ExtensibilityGlobals) = postSolution
		SolutionGuid = {53137860-7F19-4A88-91A9-889C46A88718}
	EndGlobalSection
EndGlobal
